
Microsoft Visual Studio Solution File, Format Version 12.00
# Visual Studio Version 17
VisualStudioVersion = 17.7.34202.233
MinimumVisualStudioVersion = 10.0.40219.1
Project("{FAE04EC0-301F-11D3-BF4B-00C04F79EFBC}") = "Ai-Detect-Video-Alert", "Ai-Detect-Video-Alert.csproj", "{59689309-6C1B-4C51-B29A-EE2C69D61361}"
EndProject
Global
	GlobalSection(SolutionConfigurationPlatforms) = preSolution
		Debug|Any CPU = Debug|Any CPU
		Release|Any CPU = Release|Any CPU
	EndGlobalSection
	GlobalSection(ProjectConfigurationPlatforms) = postSolution
		{59689309-6C1B-4C51-B29A-EE2C69D61361}.Debug|Any CPU.ActiveCfg = Debug|Any CPU
		{59689309-6C1B-4C51-B29A-EE2C69D61361}.Debug|Any CPU.Build.0 = Debug|Any CPU
		{59689309-6C1B-4C51-B29A-EE2C69D61361}.Release|Any CPU.ActiveCfg = Release|Any CPU
		{59689309-6C1B-4C51-B29A-EE2C69D61361}.Release|Any CPU.Build.0 = Release|Any CPU
	EndGlobalSection
	GlobalSection(SolutionProperties) = preSolution
		HideSolutionNode = FALSE
	EndGlobalSection
	GlobalSection(ExtensibilityGlobals) = postSolution
		SolutionGuid = {A201E26F-55CA-4318-A0E3-86D379036357}
	EndGlobalSection
EndGlobal
